
Microsoft Visual Studio Solution File, Format Version 12.00
# Visual Studio Express 2012 for Windows Desktop
Project("{FAE04EC0-301F-11D3-BF4B-00C04F79EFBC}") = "Yield Query Tool", "Yield Query Tool\Yield Query Tool.csproj", "{B3C0CE5C-8853-400F-A43D-C4F711649103}"
EndProject
Global
	GlobalSection(SolutionConfigurationPlatforms) = preSolution
		Debug|Any CPU = Debug|Any CPU
		Release|Any CPU = Release|Any CPU
	EndGlobalSection
	GlobalSection(ProjectConfigurationPlatforms) = postSolution
		{B3C0CE5C-8853-400F-A43D-C4F711649103}.Debug|Any CPU.ActiveCfg = Debug|Any CPU
		{B3C0CE5C-8853-400F-A43D-C4F711649103}.Debug|Any CPU.Build.0 = Debug|Any CPU
		{B3C0CE5C-8853-400F-A43D-C4F711649103}.Release|Any CPU.ActiveCfg = Release|Any CPU
		{B3C0CE5C-8853-400F-A43D-C4F711649103}.Release|Any CPU.Build.0 = Release|Any CPU
	EndGlobalSection
	GlobalSection(SolutionProperties) = preSolution
		HideSolutionNode = FALSE
	EndGlobalSection
EndGlobal
